Microsoft Visual Studio Solution File, Format Version 12.00
# Visual Studio Version 17
VisualStudioVersion = 17.10.35013.160
MinimumVisualStudioVersion = 10.0.40219.1
Project("{2150E333-8FDC-42A3-9474-1A3956D46DE8}") = "Workflows", "Workflows", "{6B1DB35C-47E6-C62F-BA1D-5846AF2B77D4}"
	ProjectSection(SolutionItems) = preProject
		.github\workflows\01-versioning.yml = .github\workflows\01-versioning.yml
		.github\workflows\02-build.yml = .github\workflows\02-build.yml
		.github\workflows\03-publish.yml = .github\workflows\03-publish.yml
		.github\workflows\04-release.yml = .github\workflows\04-release.yml
		.github\workflows\build-and-test.yml = .github\workflows\build-and-test.yml
		.github\workflows\create-tag-release.yml = .github\workflows\create-tag-release.yml
	EndProjectSection
EndProject
Project("{2150E333-8FDC-42A3-9474-1A3956D46DE8}") = "Filters", "Filters", "{27501C7C-A65B-40A8-464F-F047BAFE6F81}"
	ProjectSection(SolutionItems) = preProject
		NuGetOnly.slnf = NuGetOnly.slnf
		TestsOnly.slnf = TestsOnly.slnf
		ToolOnly.slnf = ToolOnly.slnf
	EndProjectSection
EndProject
Project("{2150E333-8FDC-42A3-9474-1A3956D46DE8}") = "Assets", "Assets", "{375CBD0D-5754-352F-9D9D-ED72E2F1B0ED}"
	ProjectSection(SolutionItems) = preProject
		CONTRIBUTING.md = CONTRIBUTING.md
		icon.jpeg = icon.jpeg
		LICENCE.md = LICENCE.md
		NOTICE.md = NOTICE.md
		README.md = README.md
	EndProjectSection
EndProject
Project("{2150E333-8FDC-42A3-9474-1A3956D46DE8}") = "Solution Items", "Solution Items", "{089100B1-113F-4E66-888A-E83F3999EAFD}"
	ProjectSection(SolutionItems) = preProject
		.editorconfig = .editorconfig
		.gitignore = .gitignore
		Directory.Build.props = Directory.Build.props
		Directory.Packages.props = Directory.Packages.props
		EcoCode.globalconfig = EcoCode.globalconfig
		global.json = global.json
		Rules to work on.md = Rules to work on.md
		SharedAssemblyInfo.cs = SharedAssemblyInfo.cs
	EndProjectSection
EndProject
Project("{9A19103F-16F7-4668-BE54-9A1E7A4F7556}") = "EcoCode.Core", "src\EcoCode.Core\EcoCode.Core.csproj", "{71F0E72B-5686-4021-B404-C730B8A2A0AD}"
EndProject
Project("{9A19103F-16F7-4668-BE54-9A1E7A4F7556}") = "EcoCode.Package", "src\EcoCode.Package\EcoCode.Package.csproj", "{233C8934-6E23-D7BF-A9FC-78A4431F3A06}"
EndProject
Project("{9A19103F-16F7-4668-BE54-9A1E7A4F7556}") = "EcoCode.Tests", "src\EcoCode.Tests\EcoCode.Tests.csproj", "{170A2EDF-DE80-F9FE-C403-53127138A713}"
EndProject
Project("{9A19103F-16F7-4668-BE54-9A1E7A4F7556}") = "EcoCode.Tool", "src\EcoCode.Tool\EcoCode.Tool.csproj", "{DBF60DEC-9C46-6FC0-EEE0-892F31353788}"
EndProject
Global
	GlobalSection(ExtensibilityGlobals) = postSolution
		SolutionGuid = {F20F15FF-417E-42ED-962A-2CF00C3E4467}
	EndGlobalSection
	GlobalSection(SolutionConfigurationPlatforms) = preSolution
		Debug|Any CPU = Debug|Any CPU
		Release|Any CPU = Release|Any CPU
	EndGlobalSection
	GlobalSection(ProjectConfigurationPlatforms) = postSolution
		{71F0E72B-5686-4021-B404-C730B8A2A0AD}.Debug|Any CPU.ActiveCfg = Debug|Any CPU
		{71F0E72B-5686-4021-B404-C730B8A2A0AD}.Debug|Any CPU.Build.0 = Debug|Any CPU
		{71F0E72B-5686-4021-B404-C730B8A2A0AD}.Release|Any CPU.ActiveCfg = Release|Any CPU
		{71F0E72B-5686-4021-B404-C730B8A2A0AD}.Release|Any CPU.Build.0 = Release|Any CPU
		{233C8934-6E23-D7BF-A9FC-78A4431F3A06}.Debug|Any CPU.ActiveCfg = Debug|Any CPU
		{233C8934-6E23-D7BF-A9FC-78A4431F3A06}.Debug|Any CPU.Build.0 = Debug|Any CPU
		{233C8934-6E23-D7BF-A9FC-78A4431F3A06}.Release|Any CPU.ActiveCfg = Release|Any CPU
		{233C8934-6E23-D7BF-A9FC-78A4431F3A06}.Release|Any CPU.Build.0 = Release|Any CPU
		{170A2EDF-DE80-F9FE-C403-53127138A713}.Debug|Any CPU.ActiveCfg = Debug|Any CPU
		{170A2EDF-DE80-F9FE-C403-53127138A713}.Debug|Any CPU.Build.0 = Debug|Any CPU
		{170A2EDF-DE80-F9FE-C403-53127138A713}.Release|Any CPU.ActiveCfg = Release|Any CPU
		{170A2EDF-DE80-F9FE-C403-53127138A713}.Release|Any CPU.Build.0 = Release|Any CPU
		{DBF60DEC-9C46-6FC0-EEE0-892F31353788}.Debug|Any CPU.ActiveCfg = Debug|Any CPU
		{DBF60DEC-9C46-6FC0-EEE0-892F31353788}.Debug|Any CPU.Build.0 = Debug|Any CPU
		{DBF60DEC-9C46-6FC0-EEE0-892F31353788}.Release|Any CPU.ActiveCfg = Release|Any CPU
		{DBF60DEC-9C46-6FC0-EEE0-892F31353788}.Release|Any CPU.Build.0 = Release|Any CPU
	EndGlobalSection
	GlobalSection(SolutionProperties) = preSolution
		HideSolutionNode = FALSE
	EndGlobalSection
	GlobalSection(NestedProjects) = preSolution
		{6B1DB35C-47E6-C62F-BA1D-5846AF2B77D4} = {089100B1-113F-4E66-888A-E83F3999EAFD}
		{27501C7C-A65B-40A8-464F-F047BAFE6F81} = {089100B1-113F-4E66-888A-E83F3999EAFD}
		{375CBD0D-5754-352F-9D9D-ED72E2F1B0ED} = {089100B1-113F-4E66-888A-E83F3999EAFD}
	EndGlobalSection
EndGlobal

	EndGlobalSection
EndGlobal
}
	EndGlobalSection
EndGlobal
916D065F}.Release|Any CPU.Build.0 = Release|Any CPU
	EndGlobalSection
	GlobalSection(SolutionProperties) = preSolution
		HideSolutionNode = FALSE
	EndGlobalSection
	GlobalSection(NestedProjects) = preSolution
		{6B1DB35C-47E6-C62F-BA1D-5846AF2B77D4} = {089100B1-113F-4E66-888A-E83F3999EAFD}
		{27501C7C-A65B-40A8-464F-F047BAFE6F81} = {089100B1-113F-4E66-888A-E83F3999EAFD}
		{375CBD0D-5754-352F-9D9D-ED72E2F1B0ED} = {089100B1-113F-4E66-888A-E83F3999EAFD}
	EndGlobalSection
EndGlobal
}
		{375CBD0D-5754-352F-9D9D-ED72E2F1B0ED} = {089100B1-113F-4E66-888A-E83F3999EAFD}
	EndGlobalSection
EndGlobal
