Microsoft Visual Studio Solution File, Format Version 12.00
# Visual Studio Version 17
VisualStudioVersion = 17.8.34408.163
MinimumVisualStudioVersion = 10.0.40219.1
Project("{9A19103F-16F7-4668-BE54-9A1E7A4F7556}") = "EcoCode.Core", "src\EcoCode.Core\EcoCode.Core.csproj", "{95076571-CC7F-44E9-B9AA-FFBD7AE5355E}"
EndProject
Project("{9A19103F-16F7-4668-BE54-9A1E7A4F7556}") = "EcoCode.Package", "src\EcoCode.Package\EcoCode.Package.csproj", "{45D880DC-011C-415A-9266-EB69FF5D5A1E}"
EndProject
Project("{9A19103F-16F7-4668-BE54-9A1E7A4F7556}") = "EcoCode.Tests", "src\EcoCode.Tests\EcoCode.Tests.csproj", "{09A6D27B-AF9E-49D7-92A9-3BB3A5E09D99}"
EndProject
Project("{9A19103F-16F7-4668-BE54-9A1E7A4F7556}") = "EcoCode.Vsix", "src\EcoCode.Vsix\EcoCode.Vsix.csproj", "{628DAC2E-06FE-49BA-8873-18C8034DD16B}"
EndProject
Project("{2150E333-8FDC-42A3-9474-1A3956D46DE8}") = "Solution Items", "Solution Items", "{810939C8-2A48-4F56-84C3-E433CDB923EE}"
	ProjectSection(SolutionItems) = preProject
		.editorconfig = .editorconfig
		Directory.Build.props = Directory.Build.props
		Directory.Packages.props = Directory.Packages.props
		global.json = global.json
		NuGet.Config = NuGet.Config
		Rules to work on.md = Rules to work on.md
		SharedAssemblyInfo.cs = SharedAssemblyInfo.cs
	EndProjectSection
EndProject
Project("{2150E333-8FDC-42A3-9474-1A3956D46DE8}") = "Workflows", "Workflows", "{5FDA07DE-D474-40F1-8C21-2B56FDEBD236}"
	ProjectSection(SolutionItems) = preProject
		.github\workflows\build-and-test.yml = .github\workflows\build-and-test.yml
		.github\workflows\create-tag-release.yml = .github\workflows\create-tag-release.yml
	EndProjectSection
EndProject
Project("{2150E333-8FDC-42A3-9474-1A3956D46DE8}") = "Assets", "Assets", "{D10E2FE2-04EB-4F54-90E6-2E0BBA562041}"
	ProjectSection(SolutionItems) = preProject
		CONTRIBUTING.md = CONTRIBUTING.md
		icon.jpeg = icon.jpeg
		LICENCE.md = LICENCE.md
		NOTICE.md = NOTICE.md
		README.md = README.md
	EndProjectSection
EndProject
Project("{2150E333-8FDC-42A3-9474-1A3956D46DE8}") = "Filters", "Filters", "{7230C2B8-8611-4946-A3BD-1BFD26C3833A}"
	ProjectSection(SolutionItems) = preProject
		NuGetOnly.slnf = NuGetOnly.slnf
		TestsOnly.slnf = TestsOnly.slnf
		VsixOnly.slnf = VsixOnly.slnf
	EndProjectSection
EndProject
Project("{9A19103F-16F7-4668-BE54-9A1E7A4F7556}") = "EcoCode.Tool", "src\EcoCode.Tool\EcoCode.Tool.csproj", "{D4503810-7865-4D41-AAC6-8B88071E79BC}"
EndProject
Project("{9A19103F-16F7-4668-BE54-9A1E7A4F7556}") = "EcoCode.Tool.Core", "src\EcoCode.Tool.Core\EcoCode.Tool.Core.csproj", "{2A90514D-693D-4588-BFD5-FC6BFEA48A5A}"
EndProject
Global
	GlobalSection(SolutionConfigurationPlatforms) = preSolution
		Debug|Any CPU = Debug|Any CPU
		Release|Any CPU = Release|Any CPU
	EndGlobalSection
	GlobalSection(ProjectConfigurationPlatforms) = postSolution
		{95076571-CC7F-44E9-B9AA-FFBD7AE5355E}.Debug|Any CPU.ActiveCfg = Debug|Any CPU
		{95076571-CC7F-44E9-B9AA-FFBD7AE5355E}.Debug|Any CPU.Build.0 = Debug|Any CPU
		{95076571-CC7F-44E9-B9AA-FFBD7AE5355E}.Release|Any CPU.ActiveCfg = Release|Any CPU
		{95076571-CC7F-44E9-B9AA-FFBD7AE5355E}.Release|Any CPU.Build.0 = Release|Any CPU
		{45D880DC-011C-415A-9266-EB69FF5D5A1E}.Debug|Any CPU.ActiveCfg = Debug|Any CPU
		{45D880DC-011C-415A-9266-EB69FF5D5A1E}.Debug|Any CPU.Build.0 = Debug|Any CPU
		{45D880DC-011C-415A-9266-EB69FF5D5A1E}.Release|Any CPU.ActiveCfg = Release|Any CPU
		{45D880DC-011C-415A-9266-EB69FF5D5A1E}.Release|Any CPU.Build.0 = Release|Any CPU
		{09A6D27B-AF9E-49D7-92A9-3BB3A5E09D99}.Debug|Any CPU.ActiveCfg = Debug|Any CPU
		{09A6D27B-AF9E-49D7-92A9-3BB3A5E09D99}.Debug|Any CPU.Build.0 = Debug|Any CPU
		{09A6D27B-AF9E-49D7-92A9-3BB3A5E09D99}.Release|Any CPU.ActiveCfg = Release|Any CPU
		{09A6D27B-AF9E-49D7-92A9-3BB3A5E09D99}.Release|Any CPU.Build.0 = Release|Any CPU
		{628DAC2E-06FE-49BA-8873-18C8034DD16B}.Debug|Any CPU.ActiveCfg = Debug|Any CPU
		{628DAC2E-06FE-49BA-8873-18C8034DD16B}.Debug|Any CPU.Build.0 = Debug|Any CPU
		{628DAC2E-06FE-49BA-8873-18C8034DD16B}.Release|Any CPU.ActiveCfg = Release|Any CPU
		{628DAC2E-06FE-49BA-8873-18C8034DD16B}.Release|Any CPU.Build.0 = Release|Any CPU
		{D4503810-7865-4D41-AAC6-8B88071E79BC}.Debug|Any CPU.ActiveCfg = Debug|Any CPU
		{D4503810-7865-4D41-AAC6-8B88071E79BC}.Debug|Any CPU.Build.0 = Debug|Any CPU
		{D4503810-7865-4D41-AAC6-8B88071E79BC}.Release|Any CPU.ActiveCfg = Release|Any CPU
		{D4503810-7865-4D41-AAC6-8B88071E79BC}.Release|Any CPU.Build.0 = Release|Any CPU
		{2A90514D-693D-4588-BFD5-FC6BFEA48A5A}.Debug|Any CPU.ActiveCfg = Debug|Any CPU
		{2A90514D-693D-4588-BFD5-FC6BFEA48A5A}.Debug|Any CPU.Build.0 = Debug|Any CPU
		{2A90514D-693D-4588-BFD5-FC6BFEA48A5A}.Release|Any CPU.ActiveCfg = Release|Any CPU
		{2A90514D-693D-4588-BFD5-FC6BFEA48A5A}.Release|Any CPU.Build.0 = Release|Any CPU
	EndGlobalSection
	GlobalSection(SolutionProperties) = preSolution
		HideSolutionNode = FALSE
	EndGlobalSection
	GlobalSection(NestedProjects) = preSolution
		{5FDA07DE-D474-40F1-8C21-2B56FDEBD236} = {810939C8-2A48-4F56-84C3-E433CDB923EE}
		{D10E2FE2-04EB-4F54-90E6-2E0BBA562041} = {810939C8-2A48-4F56-84C3-E433CDB923EE}
		{7230C2B8-8611-4946-A3BD-1BFD26C3833A} = {810939C8-2A48-4F56-84C3-E433CDB923EE}
	EndGlobalSection
	GlobalSection(ExtensibilityGlobals) = postSolution
		SolutionGuid = {25BE75DE-AF1B-480D-B27C-6F411621E246}
	EndGlobalSection
EndGlobal
on(SolutionProperties) = preSolution
		HideSolutionNode = FALSE
	EndGlobalSection
	GlobalSection(NestedProjects) = preSolution
		{5FDA07DE-D474-40F1-8C21-2B56FDEBD236} = {810939C8-2A48-4F56-84C3-E433CDB923EE}
		{D10E2FE2-04EB-4F54-90E6-2E0BBA562041} = {810939C8-2A48-4F56-84C3-E433CDB923EE}
		{7230C2B8-8611-4946-A3BD-1BFD26C3833A} = {810939C8-2A48-4F56-84C3-E433CDB923EE}
	EndGlobalSection
	GlobalSection(ExtensibilityGlobals) = postSolution
		SolutionGuid = {25BE75DE-AF1B-480D-B27C-6F411621E246}
	EndGlobalSection
EndGlobal
